
Microsoft Visual Studio Solution File, Format Version 12.00
# Visual Studio 15
VisualStudioVersion = 15.0.26730.16
MinimumVisualStudioVersion = 10.0.40219.1
Project("{2150E333-8FDC-42A3-9474-1A3956D46DE8}") = "1 - Web", "1 - Web", "{E36CA9F5-8D24-4AE5-B680-6F3710B766D0}"
EndProject
Project("{2150E333-8FDC-42A3-9474-1A3956D46DE8}") = "3 - Dominio", "3 - Dominio", "{90379658-7092-4ADB-9E3F-D7FEDF6F24B0}"
EndProject
Project("{2150E333-8FDC-42A3-9474-1A3956D46DE8}") = "4 - Infra", "4 - Infra", "{DB4BBEA7-F3FB-406A-B36B-4DBDE4B593EE}"
EndProject
Project("{9A19103F-16F7-4668-BE54-9A1E7A4F7556}") = "Fiap.MasterChefe.Web", "Fiap.MasterChefe.Web\Fiap.MasterChefe.Web.csproj", "{66645F20-67EA-428F-92A6-65694A3D3AA9}"
EndProject
Project("{2150E333-8FDC-42A3-9474-1A3956D46DE8}") = "2 - Aplicacao", "2 - Aplicacao", "{9BB789D9-B8FE-403F-B8D9-E0D5269342C2}"
EndProject
Project("{9A19103F-16F7-4668-BE54-9A1E7A4F7556}") = "Fiap.MasterChefe.Aplicacao", "Fiap.MasterChefe.Aplicacao\Fiap.MasterChefe.Aplicacao.csproj", "{8421C6CA-AB99-43EF-885F-025493423AFC}"
EndProject
Project("{9A19103F-16F7-4668-BE54-9A1E7A4F7556}") = "Fiap.MasterChefe.Dominio", "Fiap.MasterChefe.Dominio\Fiap.MasterChefe.Dominio.csproj", "{1B70D712-DDC7-4F6C-8618-24772EF11DD2}"
EndProject
Project("{2150E333-8FDC-42A3-9474-1A3956D46DE8}") = "4.1 - Dados", "4.1 - Dados", "{D2702691-7A2D-443C-A473-C5A55BA348AB}"
EndProject
Project("{2150E333-8FDC-42A3-9474-1A3956D46DE8}") = "4.2 - CrossCutting", "4.2 - CrossCutting", "{C4F39290-E3EB-491B-BA26-3E64B5B1E924}"
EndProject
Project("{FAE04EC0-301F-11D3-BF4B-00C04F79EFBC}") = "Fiap.MasterChefe.Infra.Dados", "Fiap.MasterChefe.Infra.Dados\Fiap.MasterChefe.Infra.Dados.csproj", "{6A49C425-193D-468A-A60A-082342D19417}"
EndProject
Project("{FAE04EC0-301F-11D3-BF4B-00C04F79EFBC}") = "Fiap.MasterChefe.Infra.CrossCutting.IoC", "Fiap.MasterChefe.Infra.CrossCutting.IoC\Fiap.MasterChefe.Infra.CrossCutting.IoC.csproj", "{A5754660-721A-477E-8C43-663B501B283D}"
EndProject
Global
	GlobalSection(SolutionConfigurationPlatforms) = preSolution
		Debug|Any CPU = Debug|Any CPU
		Release|Any CPU = Release|Any CPU
	EndGlobalSection
	GlobalSection(ProjectConfigurationPlatforms) = postSolution
		{66645F20-67EA-428F-92A6-65694A3D3AA9}.Debug|Any CPU.ActiveCfg = Debug|Any CPU
		{66645F20-67EA-428F-92A6-65694A3D3AA9}.Debug|Any CPU.Build.0 = Debug|Any CPU
		{66645F20-67EA-428F-92A6-65694A3D3AA9}.Release|Any CPU.ActiveCfg = Release|Any CPU
		{66645F20-67EA-428F-92A6-65694A3D3AA9}.Release|Any CPU.Build.0 = Release|Any CPU
		{8421C6CA-AB99-43EF-885F-025493423AFC}.Debug|Any CPU.ActiveCfg = Debug|Any CPU
		{8421C6CA-AB99-43EF-885F-025493423AFC}.Debug|Any CPU.Build.0 = Debug|Any CPU
		{8421C6CA-AB99-43EF-885F-025493423AFC}.Release|Any CPU.ActiveCfg = Release|Any CPU
		{8421C6CA-AB99-43EF-885F-025493423AFC}.Release|Any CPU.Build.0 = Release|Any CPU
		{1B70D712-DDC7-4F6C-8618-24772EF11DD2}.Debug|Any CPU.ActiveCfg = Debug|Any CPU
		{1B70D712-DDC7-4F6C-8618-24772EF11DD2}.Debug|Any CPU.Build.0 = Debug|Any CPU
		{1B70D712-DDC7-4F6C-8618-24772EF11DD2}.Release|Any CPU.ActiveCfg = Release|Any CPU
		{1B70D712-DDC7-4F6C-8618-24772EF11DD2}.Release|Any CPU.Build.0 = Release|Any CPU
		{6A49C425-193D-468A-A60A-082342D19417}.Debug|Any CPU.ActiveCfg = Debug|Any CPU
		{6A49C425-193D-468A-A60A-082342D19417}.Debug|Any CPU.Build.0 = Debug|Any CPU
		{6A49C425-193D-468A-A60A-082342D19417}.Release|Any CPU.ActiveCfg = Release|Any CPU
		{6A49C425-193D-468A-A60A-082342D19417}.Release|Any CPU.Build.0 = Release|Any CPU
		{A5754660-721A-477E-8C43-663B501B283D}.Debug|Any CPU.ActiveCfg = Debug|Any CPU
		{A5754660-721A-477E-8C43-663B501B283D}.Debug|Any CPU.Build.0 = Debug|Any CPU
		{A5754660-721A-477E-8C43-663B501B283D}.Release|Any CPU.ActiveCfg = Release|Any CPU
		{A5754660-721A-477E-8C43-663B501B283D}.Release|Any CPU.Build.0 = Release|Any CPU
	EndGlobalSection
	GlobalSection(SolutionProperties) = preSolution
		HideSolutionNode = FALSE
	EndGlobalSection
	GlobalSection(NestedProjects) = preSolution
		{66645F20-67EA-428F-92A6-65694A3D3AA9} = {E36CA9F5-8D24-4AE5-B680-6F3710B766D0}
		{8421C6CA-AB99-43EF-885F-025493423AFC} = {9BB789D9-B8FE-403F-B8D9-E0D5269342C2}
		{1B70D712-DDC7-4F6C-8618-24772EF11DD2} = {90379658-7092-4ADB-9E3F-D7FEDF6F24B0}
		{D2702691-7A2D-443C-A473-C5A55BA348AB} = {DB4BBEA7-F3FB-406A-B36B-4DBDE4B593EE}
		{C4F39290-E3EB-491B-BA26-3E64B5B1E924} = {DB4BBEA7-F3FB-406A-B36B-4DBDE4B593EE}
		{6A49C425-193D-468A-A60A-082342D19417} = {D2702691-7A2D-443C-A473-C5A55BA348AB}
		{A5754660-721A-477E-8C43-663B501B283D} = {C4F39290-E3EB-491B-BA26-3E64B5B1E924}
	EndGlobalSection
	GlobalSection(ExtensibilityGlobals) = postSolution
		SolutionGuid = {D6979E57-009C-4B7E-8923-8C9F697ECA68}
	EndGlobalSection
EndGlobal
