
Microsoft Visual Studio Solution File, Format Version 12.00
# Visual Studio 15
VisualStudioVersion = 15.0.26730.15
MinimumVisualStudioVersion = 10.0.40219.1
Project("{2150E333-8FDC-42A3-9474-1A3956D46DE8}") = "1 - Web", "1 - Web", "{E36CA9F5-8D24-4AE5-B680-6F3710B766D0}"
EndProject
Project("{2150E333-8FDC-42A3-9474-1A3956D46DE8}") = "2 - Dominio", "2 - Dominio", "{90379658-7092-4ADB-9E3F-D7FEDF6F24B0}"
EndProject
Project("{2150E333-8FDC-42A3-9474-1A3956D46DE8}") = "3 - Infra", "3 - Infra", "{DB4BBEA7-F3FB-406A-B36B-4DBDE4B593EE}"
EndProject
Project("{FAE04EC0-301F-11D3-BF4B-00C04F79EFBC}") = "Fiap.MasterChefe.Web", "Fiap.MasterChefe.Web\Fiap.MasterChefe.Web.csproj", "{66645F20-67EA-428F-92A6-65694A3D3AA9}"
EndProject
Project("{FAE04EC0-301F-11D3-BF4B-00C04F79EFBC}") = "Fiap.MasterChefe.Dados", "Fiap.MasterChefe.Infra.Dados\Fiap.MasterChefe.Dados.csproj", "{A2FFC9F3-118A-473C-9516-93CB3872F1CA}"
EndProject
Project("{FAE04EC0-301F-11D3-BF4B-00C04F79EFBC}") = "Fiap.MasterChefe.Dominio", "Fiap.MasterChefe.Dominio\Fiap.MasterChefe.Dominio.csproj", "{5786F119-F026-494E-9941-11D4F6B62E9A}"
EndProject
Global
	GlobalSection(SolutionConfigurationPlatforms) = preSolution
		Debug|Any CPU = Debug|Any CPU
		Release|Any CPU = Release|Any CPU
	EndGlobalSection
	GlobalSection(ProjectConfigurationPlatforms) = postSolution
		{66645F20-67EA-428F-92A6-65694A3D3AA9}.Debug|Any CPU.ActiveCfg = Debug|Any CPU
		{66645F20-67EA-428F-92A6-65694A3D3AA9}.Debug|Any CPU.Build.0 = Debug|Any CPU
		{66645F20-67EA-428F-92A6-65694A3D3AA9}.Release|Any CPU.ActiveCfg = Release|Any CPU
		{66645F20-67EA-428F-92A6-65694A3D3AA9}.Release|Any CPU.Build.0 = Release|Any CPU
		{A2FFC9F3-118A-473C-9516-93CB3872F1CA}.Debug|Any CPU.ActiveCfg = Debug|Any CPU
		{A2FFC9F3-118A-473C-9516-93CB3872F1CA}.Debug|Any CPU.Build.0 = Debug|Any CPU
		{A2FFC9F3-118A-473C-9516-93CB3872F1CA}.Release|Any CPU.ActiveCfg = Release|Any CPU
		{A2FFC9F3-118A-473C-9516-93CB3872F1CA}.Release|Any CPU.Build.0 = Release|Any CPU
		{5786F119-F026-494E-9941-11D4F6B62E9A}.Debug|Any CPU.ActiveCfg = Debug|Any CPU
		{5786F119-F026-494E-9941-11D4F6B62E9A}.Debug|Any CPU.Build.0 = Debug|Any CPU
		{5786F119-F026-494E-9941-11D4F6B62E9A}.Release|Any CPU.ActiveCfg = Release|Any CPU
		{5786F119-F026-494E-9941-11D4F6B62E9A}.Release|Any CPU.Build.0 = Release|Any CPU
	EndGlobalSection
	GlobalSection(SolutionProperties) = preSolution
		HideSolutionNode = FALSE
	EndGlobalSection
	GlobalSection(NestedProjects) = preSolution
		{66645F20-67EA-428F-92A6-65694A3D3AA9} = {E36CA9F5-8D24-4AE5-B680-6F3710B766D0}
		{A2FFC9F3-118A-473C-9516-93CB3872F1CA} = {DB4BBEA7-F3FB-406A-B36B-4DBDE4B593EE}
		{5786F119-F026-494E-9941-11D4F6B62E9A} = {90379658-7092-4ADB-9E3F-D7FEDF6F24B0}
	EndGlobalSection
	GlobalSection(ExtensibilityGlobals) = postSolution
		SolutionGuid = {D6979E57-009C-4B7E-8923-8C9F697ECA68}
	EndGlobalSection
EndGlobal
